
Microsoft Visual Studio Solution File, Format Version 12.00
# Visual Studio 2013
VisualStudioVersion = 12.0.31101.0
MinimumVisualStudioVersion = 10.0.40219.1
Project("{FAE04EC0-301F-11D3-BF4B-00C04F79EFBC}") = "OSSP lab 1", "OSSP lab 1\OSSP lab 1.csproj", "{91D99272-BA38-450E-9FF2-EA3697B97123}"
EndProject
Project("{FAE04EC0-301F-11D3-BF4B-00C04F79EFBC}") = "UnitTestProject", "UnitTestProject\UnitTestProject.csproj", "{4670D8CE-F1F6-442E-898C-9AA861F0EDAF}"
EndProject
Global
	GlobalSection(SolutionConfigurationPlatforms) = preSolution
		Debug|Any CPU = Debug|Any CPU
		Release|Any CPU = Release|Any CPU
	EndGlobalSection
	GlobalSection(ProjectConfigurationPlatforms) = postSolution
		{91D99272-BA38-450E-9FF2-EA3697B97123}.Debug|Any CPU.ActiveCfg = Debug|Any CPU
		{91D99272-BA38-450E-9FF2-EA3697B97123}.Debug|Any CPU.Build.0 = Debug|Any CPU
		{91D99272-BA38-450E-9FF2-EA3697B97123}.Release|Any CPU.ActiveCfg = Release|Any CPU
		{91D99272-BA38-450E-9FF2-EA3697B97123}.Release|Any CPU.Build.0 = Release|Any CPU
		{4670D8CE-F1F6-442E-898C-9AA861F0EDAF}.Debug|Any CPU.ActiveCfg = Debug|Any CPU
		{4670D8CE-F1F6-442E-898C-9AA861F0EDAF}.Debug|Any CPU.Build.0 = Debug|Any CPU
		{4670D8CE-F1F6-442E-898C-9AA861F0EDAF}.Release|Any CPU.ActiveCfg = Release|Any CPU
		{4670D8CE-F1F6-442E-898C-9AA861F0EDAF}.Release|Any CPU.Build.0 = Release|Any CPU
	EndGlobalSection
	GlobalSection(SolutionProperties) = preSolution
		HideSolutionNode = FALSE
	EndGlobalSection
EndGlobal
